
Microsoft Visual Studio Solution File, Format Version 12.00
# Visual Studio Version 16
VisualStudioVersion = 16.0.31129.286
MinimumVisualStudioVersion = 10.0.40219.1
Project("{FAE04EC0-301F-11D3-BF4B-00C04F79EFBC}") = "SuperFizzBuzz", "SuperFizzBuzz\SuperFizzBuzz.csproj", "{5542D5DC-AB52-41A8-88AF-EA91CBAA8A44}"
EndProject
Project("{FAE04EC0-301F-11D3-BF4B-00C04F79EFBC}") = "SuperFizzBuzz.Models", "SuperFizzBuzz.Models\SuperFizzBuzz.Models.csproj", "{443CB5DB-5C8F-4C80-B3D9-7BA3B5D4BF46}"
EndProject
Project("{FAE04EC0-301F-11D3-BF4B-00C04F79EFBC}") = "SuperFizzBuzz.Utilities", "SuperFizzBuzz.Utilities\SuperFizzBuzz.Utilities.csproj", "{4EB5A0EB-E207-4BCD-B0BF-32CC1112974E}"
EndProject
Project("{FAE04EC0-301F-11D3-BF4B-00C04F79EFBC}") = "SuperFizzBuzz.Clasic", "SuperFizzBuzz.Clasic\SuperFizzBuzz.Clasic.csproj", "{DFD1BA56-8510-448E-9C17-04BD173291A7}"
EndProject
Project("{FAE04EC0-301F-11D3-BF4B-00C04F79EFBC}") = "SuperFizzBuzz.Advanced", "SuperFizzBuzz.Advanced\SuperFizzBuzz.Advanced.csproj", "{BD48760F-49E4-4C07-B4B9-16E5C8F56CE7}"
EndProject
Global
	GlobalSection(SolutionConfigurationPlatforms) = preSolution
		Debug|Any CPU = Debug|Any CPU
		Release|Any CPU = Release|Any CPU
	EndGlobalSection
	GlobalSection(ProjectConfigurationPlatforms) = postSolution
		{5542D5DC-AB52-41A8-88AF-EA91CBAA8A44}.Debug|Any CPU.ActiveCfg = Debug|Any CPU
		{5542D5DC-AB52-41A8-88AF-EA91CBAA8A44}.Debug|Any CPU.Build.0 = Debug|Any CPU
		{5542D5DC-AB52-41A8-88AF-EA91CBAA8A44}.Release|Any CPU.ActiveCfg = Release|Any CPU
		{5542D5DC-AB52-41A8-88AF-EA91CBAA8A44}.Release|Any CPU.Build.0 = Release|Any CPU
		{443CB5DB-5C8F-4C80-B3D9-7BA3B5D4BF46}.Debug|Any CPU.ActiveCfg = Debug|Any CPU
		{443CB5DB-5C8F-4C80-B3D9-7BA3B5D4BF46}.Debug|Any CPU.Build.0 = Debug|Any CPU
		{443CB5DB-5C8F-4C80-B3D9-7BA3B5D4BF46}.Release|Any CPU.ActiveCfg = Release|Any CPU
		{443CB5DB-5C8F-4C80-B3D9-7BA3B5D4BF46}.Release|Any CPU.Build.0 = Release|Any CPU
		{4EB5A0EB-E207-4BCD-B0BF-32CC1112974E}.Debug|Any CPU.ActiveCfg = Debug|Any CPU
		{4EB5A0EB-E207-4BCD-B0BF-32CC1112974E}.Debug|Any CPU.Build.0 = Debug|Any CPU
		{4EB5A0EB-E207-4BCD-B0BF-32CC1112974E}.Release|Any CPU.ActiveCfg = Release|Any CPU
		{4EB5A0EB-E207-4BCD-B0BF-32CC1112974E}.Release|Any CPU.Build.0 = Release|Any CPU
		{DFD1BA56-8510-448E-9C17-04BD173291A7}.Debug|Any CPU.ActiveCfg = Debug|Any CPU
		{DFD1BA56-8510-448E-9C17-04BD173291A7}.Debug|Any CPU.Build.0 = Debug|Any CPU
		{DFD1BA56-8510-448E-9C17-04BD173291A7}.Release|Any CPU.ActiveCfg = Release|Any CPU
		{DFD1BA56-8510-448E-9C17-04BD173291A7}.Release|Any CPU.Build.0 = Release|Any CPU
		{BD48760F-49E4-4C07-B4B9-16E5C8F56CE7}.Debug|Any CPU.ActiveCfg = Debug|Any CPU
		{BD48760F-49E4-4C07-B4B9-16E5C8F56CE7}.Debug|Any CPU.Build.0 = Debug|Any CPU
		{BD48760F-49E4-4C07-B4B9-16E5C8F56CE7}.Release|Any CPU.ActiveCfg = Release|Any CPU
		{BD48760F-49E4-4C07-B4B9-16E5C8F56CE7}.Release|Any CPU.Build.0 = Release|Any CPU
	EndGlobalSection
	GlobalSection(SolutionProperties) = preSolution
		HideSolutionNode = FALSE
	EndGlobalSection
	GlobalSection(ExtensibilityGlobals) = postSolution
		SolutionGuid = {3193AA7B-A48D-491F-BF4A-770B5F3265A8}
	EndGlobalSection
EndGlobal
